Microsoft Visual Studio Solution File, Format Version 12.00
# Visual Studio Version 16
VisualStudioVersion = 16.0.31624.102
MinimumVisualStudioVersion = 10.0.40219.1
Project("{9A19103F-16F7-4668-BE54-9A1E7A4F7556}") = "GT_Utilities", "GT_Utilities\GT_Utilities.csproj", "{BD060704-5C88-47D2-ABDA-270BB04A0749}"
EndProject
Global
	GlobalSection(SolutionConfigurationPlatforms) = preSolution
		Debug|Any CPU = Debug|Any CPU
		Release|Any CPU = Release|Any CPU
	EndGlobalSection
	GlobalSection(ProjectConfigurationPlatforms) = postSolution
		{BD060704-5C88-47D2-ABDA-270BB04A0749}.Debug|Any CPU.ActiveCfg = Debug|Any CPU
		{BD060704-5C88-47D2-ABDA-270BB04A0749}.Debug|Any CPU.Build.0 = Debug|Any CPU
		{BD060704-5C88-47D2-ABDA-270BB04A0749}.Release|Any CPU.ActiveCfg = Release|Any CPU
		{BD060704-5C88-47D2-ABDA-270BB04A0749}.Release|Any CPU.Build.0 = Release|Any CPU
	EndGlobalSection
	GlobalSection(SolutionProperties) = preSolution
		HideSolutionNode = FALSE
	EndGlobalSection
	GlobalSection(ExtensibilityGlobals) = postSolution
		SolutionGuid = {fb4fa627-9f94-44b7-80a5-8cb0f513943c}
	EndGlobalSection
EndGlobal
